<?xml version="1.0" encoding="utf-8"?>
<Project ToolsVersion="4.0" xmlns="http://schemas.microsoft.com/developer/msbuild/2003">
  <ItemGroup>
    <Filter Include="sources">
      <UniqueIdentifier>{4FC737F1-C7A5-4376-A066-2A32D752A2FF}</UniqueIdentifier>
      <Extensions>cpp;c;cc;cxx;c++;cppm;ixx;def;odl;idl;hpj;bat;asm;asmx</Extensions>
    </Filter>
    <Filter Include="resources">
      <UniqueIdentifier>{6276cfb8-eabc-4957-872b-b44705eab95f}</UniqueIdentifier>
    </Filter>
    <Filter Include="resources\shader">
      <UniqueIdentifier>{6a6eafec-d625-42ef-9119-9b7c9f4d9e27}</UniqueIdentifier>
    </Filter>
    <Filter Include="headers">
      <UniqueIdentifier>{ae5e61da-03a9-4bda-a6cb-009ce1b53274}</UniqueIdentifier>
    </Filter>
  </ItemGroup>
  <ItemGroup>
    <None Include="resources\shader\vertex.shader">
      <Filter>resources\shader</Filter>
    </None>
    <None Include="resources\shader\fragment.shader">
      <Filter>resources\shader</Filter>
    </None>
  </ItemGroup>
  <ItemGroup>
    <ClCompile Include="src\main.cpp">
      <Filter>sources</Filter>
    </ClCompile>
    <ClCompile Include="src\glad.c">
      <Filter>sources</Filter>
    </ClCompile>
    <ClCompile Include="src\Shader.cpp">
      <Filter>sources</Filter>
    </ClCompile>
  </ItemGroup>
  <ItemGroup>
    <ClInclude Include="inc\Shader.hpp">
      <Filter>headers</Filter>
    </ClInclude>
  </ItemGroup>
</Project>